
Microsoft Visual Studio Solution File, Format Version 12.00
# Visual Studio Version 17
VisualStudioVersion = 17.13.35913.81 d17.13
MinimumVisualStudioVersion = 10.0.40219.1
Project("{FAE04EC0-301F-11D3-BF4B-00C04F79EFBC}") = "TUQA-Shop", "TUQA-Shop.csproj", "{9BEE1847-F8C3-4798-A926-3A99DF17817F}"
EndProject
Global
	GlobalSection(SolutionConfigurationPlatforms) = preSolution
		Debug|Any CPU = Debug|Any CPU
		Release|Any CPU = Release|Any CPU
	EndGlobalSection
	GlobalSection(ProjectConfigurationPlatforms) = postSolution
		{9BEE1847-F8C3-4798-A926-3A99DF17817F}.Debug|Any CPU.ActiveCfg = Debug|Any CPU
		{9BEE1847-F8C3-4798-A926-3A99DF17817F}.Debug|Any CPU.Build.0 = Debug|Any CPU
		{9BEE1847-F8C3-4798-A926-3A99DF17817F}.Release|Any CPU.ActiveCfg = Release|Any CPU
		{9BEE1847-F8C3-4798-A926-3A99DF17817F}.Release|Any CPU.Build.0 = Release|Any CPU
	EndGlobalSection
	GlobalSection(SolutionProperties) = preSolution
		HideSolutionNode = FALSE
	EndGlobalSection
	GlobalSection(ExtensibilityGlobals) = postSolution
		SolutionGuid = {682788D3-EC13-4EB6-98F2-3798A0ABABFB}
	EndGlobalSection
EndGlobal
